
Microsoft Visual Studio Solution File, Format Version 12.00
# Visual Studio Version 16
VisualStudioVersion = 16.0.30413.136
MinimumVisualStudioVersion = 10.0.40219.1
Project("{FAE04EC0-301F-11D3-BF4B-00C04F79EFBC}") = "KinectMathGames", "KinectMathGames\KinectMathGames.csproj", "{69C001ED-9CB7-4B57-9AF5-B2727EF80AA7}"
EndProject
Global
	GlobalSection(SolutionConfigurationPlatforms) = preSolution
		Debug|Any CPU = Debug|Any CPU
		Debug|x86 = Debug|x86
		Release|Any CPU = Release|Any CPU
		Release|x86 = Release|x86
	EndGlobalSection
	GlobalSection(ProjectConfigurationPlatforms) = postSolution
		{69C001ED-9CB7-4B57-9AF5-B2727EF80AA7}.Debug|Any CPU.ActiveCfg = Debug|Any CPU
		{69C001ED-9CB7-4B57-9AF5-B2727EF80AA7}.Debug|Any CPU.Build.0 = Debug|Any CPU
		{69C001ED-9CB7-4B57-9AF5-B2727EF80AA7}.Debug|x86.ActiveCfg = Debug|x86
		{69C001ED-9CB7-4B57-9AF5-B2727EF80AA7}.Debug|x86.Build.0 = Debug|x86
		{69C001ED-9CB7-4B57-9AF5-B2727EF80AA7}.Release|Any CPU.ActiveCfg = Debug|Any CPU
		{69C001ED-9CB7-4B57-9AF5-B2727EF80AA7}.Release|Any CPU.Build.0 = Debug|Any CPU
		{69C001ED-9CB7-4B57-9AF5-B2727EF80AA7}.Release|x86.ActiveCfg = Release|x86
		{69C001ED-9CB7-4B57-9AF5-B2727EF80AA7}.Release|x86.Build.0 = Release|x86
	EndGlobalSection
	GlobalSection(SolutionProperties) = preSolution
		HideSolutionNode = FALSE
	EndGlobalSection
	GlobalSection(ExtensibilityGlobals) = postSolution
		SolutionGuid = {FB057D90-D9F5-4CBB-A330-8AA6909E28E3}
	EndGlobalSection
EndGlobal
